// !$*UTF8*$!
{
	archiveVersion = 1;
	classes = {
	};
	objectVersion = 47;
	objects = {

/* Begin PBXBuildFile section */
		3D04214620C2D68C00DA5126 /* BaseTests.swift in Sources */ = {isa = PBXBuildFile; fileRef = 3D04214520C2D68C00DA5126 /* BaseTests.swift */; };
		3D04215120C2D6A100DA5126 /* WhatsNewViewControllerTests.swift in Sources */ = {isa = PBXBuildFile; fileRef = 3D04214720C2D6A000DA5126 /* WhatsNewViewControllerTests.swift */; };
		3D04215320C2D6A100DA5126 /* WhatsNewVersionTests.swift in Sources */ = {isa = PBXBuildFile; fileRef = 3D04214B20C2D6A100DA5126 /* WhatsNewVersionTests.swift */; };
		3D04215420C2D6A100DA5126 /* WhatsNewItemTests.swift in Sources */ = {isa = PBXBuildFile; fileRef = 3D04214C20C2D6A100DA5126 /* WhatsNewItemTests.swift */; };
		3D04215520C2D6A100DA5126 /* WhatsNewTests.swift in Sources */ = {isa = PBXBuildFile; fileRef = 3D04214D20C2D6A100DA5126 /* WhatsNewTests.swift */; };
		3D04215620C2D6A100DA5126 /* KeyValueWhatsNewVersionStoreTests.swift in Sources */ = {isa = PBXBuildFile; fileRef = 3D04214F20C2D6A100DA5126 /* KeyValueWhatsNewVersionStoreTests.swift */; };
		3D04215720C2D6A100DA5126 /* InMemoryWhatsNewVersionStoreTests.swift in Sources */ = {isa = PBXBuildFile; fileRef = 3D04215020C2D6A100DA5126 /* InMemoryWhatsNewVersionStoreTests.swift */; };
		3D13455E20BC8AFA00BE0FF8 /* WhatsNewViewController+HapticFeedback.swift in Sources */ = {isa = PBXBuildFile; fileRef = 3D13455D20BC8AFA00BE0FF8 /* WhatsNewViewController+HapticFeedback.swift */; };
		3D2412C720BADBDC005A04D6 /* KeyValueWhatsNewVersionStore.swift in Sources */ = {isa = PBXBuildFile; fileRef = 3D2412C620BADBDC005A04D6 /* KeyValueWhatsNewVersionStore.swift */; };
		3D2412CF20BAE75E005A04D6 /* WhatsNewViewController+DetailButton.swift in Sources */ = {isa = PBXBuildFile; fileRef = 3D2412CE20BAE75E005A04D6 /* WhatsNewViewController+DetailButton.swift */; };
		3D2412D120BAE7C6005A04D6 /* WhatsNewViewController+CompletionButton.swift in Sources */ = {isa = PBXBuildFile; fileRef = 3D2412D020BAE7C6005A04D6 /* WhatsNewViewController+CompletionButton.swift */; };
		3D2803CD22059B2200E1FA31 /* NSLayoutConstraint+Activate.swift in Sources */ = {isa = PBXBuildFile; fileRef = 3D2803CB220598F400E1FA31 /* NSLayoutConstraint+Activate.swift */; };
		3D2803D02205A1F500E1FA31 /* WhatsNewTitleViewController.swift in Sources */ = {isa = PBXBuildFile; fileRef = 3D2803CE2205A1B800E1FA31 /* WhatsNewTitleViewController.swift */; };
		3D2803D32205A37700E1FA31 /* UIViewController+AddChild.swift in Sources */ = {isa = PBXBuildFile; fileRef = 3D2803D12205A2FC00E1FA31 /* UIViewController+AddChild.swift */; };
		3D2803D52205A6B600E1FA31 /* WhatsNewButtonViewController.swift in Sources */ = {isa = PBXBuildFile; fileRef = 3D2803D42205A6B600E1FA31 /* WhatsNewButtonViewController.swift */; };
		3D2803D72205AA7F00E1FA31 /* WhatsNewButtonViewController+DetailButton.swift in Sources */ = {isa = PBXBuildFile; fileRef = 3D2803D62205AA7F00E1FA31 /* WhatsNewButtonViewController+DetailButton.swift */; };
		3D2803D92205ABAB00E1FA31 /* WhatsNewButtonViewController+CompletionButton.swift in Sources */ = {isa = PBXBuildFile; fileRef = 3D2803D82205ABAB00E1FA31 /* WhatsNewButtonViewController+CompletionButton.swift */; };
		3D2803DB2205AE5C00E1FA31 /* WhatsNewItemsViewController.swift in Sources */ = {isa = PBXBuildFile; fileRef = 3D2803DA2205AE5C00E1FA31 /* WhatsNewItemsViewController.swift */; };
		3D2803DD2205B4E200E1FA31 /* WhatsNewItemsViewController+Cell.swift in Sources */ = {isa = PBXBuildFile; fileRef = 3D2803DC2205B4E200E1FA31 /* WhatsNewItemsViewController+Cell.swift */; };
		3D2803E62205D4E800E1FA31 /* VersionStoreConfiguration.swift in Sources */ = {isa = PBXBuildFile; fileRef = 3D2803E52205D4E800E1FA31 /* VersionStoreConfiguration.swift */; };
		3D299144217B5D8100132C91 /* ExampleViewController.swift in Sources */ = {isa = PBXBuildFile; fileRef = 3D299143217B5D8100132C91 /* ExampleViewController.swift */; };
		3D299146217B5EDD00132C91 /* ConfigurationsTableViewCell.swift in Sources */ = {isa = PBXBuildFile; fileRef = 3D299145217B5EDD00132C91 /* ConfigurationsTableViewCell.swift */; };
		3D299148217B5FC700132C91 /* ConfigurationCollectionViewCell.swift in Sources */ = {isa = PBXBuildFile; fileRef = 3D299147217B5FC700132C91 /* ConfigurationCollectionViewCell.swift */; };
		3D29914A217B691100132C91 /* ExampleViewController+PresentWhatsNew.swift in Sources */ = {isa = PBXBuildFile; fileRef = 3D299149217B691100132C91 /* ExampleViewController+PresentWhatsNew.swift */; };
		3D29914E217B6E7100132C91 /* Configuration.swift in Sources */ = {isa = PBXBuildFile; fileRef = 3D29914D217B6E7100132C91 /* Configuration.swift */; };
		3D299150217B6E8500132C91 /* BackgroundColorConfiguration.swift in Sources */ = {isa = PBXBuildFile; fileRef = 3D29914F217B6E8500132C91 /* BackgroundColorConfiguration.swift */; };
		3D299152217B6E9600132C91 /* TintColorConfiguration.swift in Sources */ = {isa = PBXBuildFile; fileRef = 3D299151217B6E9600132C91 /* TintColorConfiguration.swift */; };
		3D299154217B6EA600132C91 /* AnimationConfiguration.swift in Sources */ = {isa = PBXBuildFile; fileRef = 3D299153217B6EA600132C91 /* AnimationConfiguration.swift */; };
		3D299156217B6EBA00132C91 /* LayoutConfiguration.swift in Sources */ = {isa = PBXBuildFile; fileRef = 3D299155217B6EBA00132C91 /* LayoutConfiguration.swift */; };
		3D29915D217B6FCD00132C91 /* Collection+Safe.swift in Sources */ = {isa = PBXBuildFile; fileRef = 3D29915C217B6FCD00132C91 /* Collection+Safe.swift */; };
		3D29915F217B720400132C91 /* ReuseIdentifiable.swift in Sources */ = {isa = PBXBuildFile; fileRef = 3D29915E217B720400132C91 /* ReuseIdentifiable.swift */; };
		3D299161217B7EEB00132C91 /* UIImage+Assets.swift in Sources */ = {isa = PBXBuildFile; fileRef = 3D299160217B7EEB00132C91 /* UIImage+Assets.swift */; };
		3D330EC4217B8E8E002359E7 /* HapticFeedbackConfiguration.swift in Sources */ = {isa = PBXBuildFile; fileRef = 3D330EC3217B8E8E002359E7 /* HapticFeedbackConfiguration.swift */; };
		3D33221D21C416E900B2949F /* SecondaryTitleColorConfiguration.swift in Sources */ = {isa = PBXBuildFile; fileRef = 3D33221C21C416E900B2949F /* SecondaryTitleColorConfiguration.swift */; };
		3D375BA020BC6582005DE31B /* UIColor+Main.swift in Sources */ = {isa = PBXBuildFile; fileRef = 3D375B9F20BC6582005DE31B /* UIColor+Main.swift */; };
		3D562CB920B3FD3200603182 /* WhatsNew+Version.swift in Sources */ = {isa = PBXBuildFile; fileRef = 3D562CB820B3FD3200603182 /* WhatsNew+Version.swift */; };
		3D5D06BD20C7C9C700EC7C46 /* WhatsNewViewController+TitleView.swift in Sources */ = {isa = PBXBuildFile; fileRef = 3D5D06BC20C7C9C700EC7C46 /* WhatsNewViewController+TitleView.swift */; };
		3D5D06BF20C7CA2700EC7C46 /* WhatsNewViewController+Animation.swift in Sources */ = {isa = PBXBuildFile; fileRef = 3D5D06BE20C7CA2700EC7C46 /* WhatsNewViewController+Animation.swift */; };
		3D5D06C120C7CAEC00EC7C46 /* WhatsNewViewController+ItemsView.swift in Sources */ = {isa = PBXBuildFile; fileRef = 3D5D06C020C7CAEC00EC7C46 /* WhatsNewViewController+ItemsView.swift */; };
		3D7E00C420B6A5F10036BDB1 /* WhatsNewViewController+Configuration.swift in Sources */ = {isa = PBXBuildFile; fileRef = 3D7E00C320B6A5F10036BDB1 /* WhatsNewViewController+Configuration.swift */; };
		3D92C66A20AF87E600A10333 /* WhatsNew.swift in Sources */ = {isa = PBXBuildFile; fileRef = 3D92C66920AF87E600A10333 /* WhatsNew.swift */; };
		3D92C66E20AF87F500A10333 /* WhatsNew+Item.swift in Sources */ = {isa = PBXBuildFile; fileRef = 3D92C66D20AF87F500A10333 /* WhatsNew+Item.swift */; };
		3D92C67120AF883300A10333 /* WhatsNewViewController.swift in Sources */ = {isa = PBXBuildFile; fileRef = 3D92C67020AF883300A10333 /* WhatsNewViewController.swift */; };
		3DA6679C20B0BB3B00DB18FF /* WhatsNewKit.framework in Frameworks */ = {isa = PBXBuildFile; fileRef = 52D6D97C1BEFF229002C0205 /* WhatsNewKit.framework */; };
		3DA6679D20B0BB3B00DB18FF /* WhatsNewKit.framework in Embed Frameworks */ = {isa = PBXBuildFile; fileRef = 52D6D97C1BEFF229002C0205 /* WhatsNewKit.framework */; settings = {ATTRIBUTES = (CodeSignOnCopy, RemoveHeadersOnCopy, ); }; };
		3DBFB67620B6EBC100FF0899 /* InMemoryWhatsNewVersionStore.swift in Sources */ = {isa = PBXBuildFile; fileRef = 3DBFB67520B6EBC100FF0899 /* InMemoryWhatsNewVersionStore.swift */; };
		3DC8A6AB20AED02400292C94 /* AppDelegate.swift in Sources */ = {isa = PBXBuildFile; fileRef = 3DC8A6AA20AED02400292C94 /* AppDelegate.swift */; };
		3DC8A6B220AED02600292C94 /* Assets.xcassets in Resources */ = {isa = PBXBuildFile; fileRef = 3DC8A6B120AED02600292C94 /* Assets.xcassets */; };
		3DC8A6B520AED02600292C94 /* LaunchScreen.storyboard in Resources */ = {isa = PBXBuildFile; fileRef = 3DC8A6B320AED02600292C94 /* LaunchScreen.storyboard */; };
		3DDDB59720B832AB001D59C5 /* UIColor+Defaults.swift in Sources */ = {isa = PBXBuildFile; fileRef = 3DDDB59620B832AB001D59C5 /* UIColor+Defaults.swift */; };
		3DF12C2B2210AE41006473F0 /* ContentModeConfiguration.swift in Sources */ = {isa = PBXBuildFile; fileRef = 3DF12C2A2210AE41006473F0 /* ContentModeConfiguration.swift */; };
		3DF12C2D2210AF51006473F0 /* ItemsCountConfiguration.swift in Sources */ = {isa = PBXBuildFile; fileRef = 3DF12C2C2210AF51006473F0 /* ItemsCountConfiguration.swift */; };
		3DFB700020B34F8800673FD6 /* WhatsNewVersionStore.swift in Sources */ = {isa = PBXBuildFile; fileRef = 3DFB6FFF20B34F8800673FD6 /* WhatsNewVersionStore.swift */; };
		52D6D9871BEFF229002C0205 /* WhatsNewKit.framework in Frameworks */ = {isa = PBXBuildFile; fileRef = 52D6D97C1BEFF229002C0205 /* WhatsNewKit.framework */; };
/* End PBXBuildFile section */

/* Begin PBXContainerItemProxy section */
		3DA6679E20B0BB3B00DB18FF /* PBXContainerItemProxy */ = {
			isa = PBXContainerItemProxy;
			containerPortal = 52D6D9731BEFF229002C0205 /* Project object */;
			proxyType = 1;
			remoteGlobalIDString = 52D6D97B1BEFF229002C0205;
			remoteInfo = "WhatsNewKit-iOS";
		};
		52D6D9881BEFF229002C0205 /* PBXContainerItemProxy */ = {
			isa = PBXContainerItemProxy;
			containerPortal = 52D6D9731BEFF229002C0205 /* Project object */;
			proxyType = 1;
			remoteGlobalIDString = 52D6D97B1BEFF229002C0205;
			remoteInfo = WhatsNewKit;
		};
/* End PBXContainerItemProxy section */

/* Begin PBXCopyFilesBuildPhase section */
		3DA667A020B0BB3B00DB18FF /* Embed Frameworks */ = {
			isa = PBXCopyFilesBuildPhase;
			buildActionMask = 2147483647;
			dstPath = "";
			dstSubfolderSpec = 10;
			files = (
				3DA6679D20B0BB3B00DB18FF /* WhatsNewKit.framework in Embed Frameworks */,
			);
			name = "Embed Frameworks";
			runOnlyForDeploymentPostprocessing = 0;
		};
/* End PBXCopyFilesBuildPhase section */

/* Begin PBXFileReference section */
		3D04214520C2D68C00DA5126 /* BaseTests.swift */ = {isa = PBXFileReference; lastKnownFileType = sourcecode.swift; path = BaseTests.swift; sourceTree = "<group>"; };
		3D04214720C2D6A000DA5126 /* WhatsNewViewControllerTests.swift */ = {isa = PBXFileReference; fileEncoding = 4; lastKnownFileType = sourcecode.swift; path = WhatsNewViewControllerTests.swift; sourceTree = "<group>"; };
		3D04214B20C2D6A100DA5126 /* WhatsNewVersionTests.swift */ = {isa = PBXFileReference; fileEncoding = 4; lastKnownFileType = sourcecode.swift; path = WhatsNewVersionTests.swift; sourceTree = "<group>"; };
		3D04214C20C2D6A100DA5126 /* WhatsNewItemTests.swift */ = {isa = PBXFileReference; fileEncoding = 4; lastKnownFileType = sourcecode.swift; path = WhatsNewItemTests.swift; sourceTree = "<group>"; };
		3D04214D20C2D6A100DA5126 /* WhatsNewTests.swift */ = {isa = PBXFileReference; fileEncoding = 4; lastKnownFileType = sourcecode.swift; path = WhatsNewTests.swift; sourceTree = "<group>"; };
		3D04214F20C2D6A100DA5126 /* KeyValueWhatsNewVersionStoreTests.swift */ = {isa = PBXFileReference; fileEncoding = 4; lastKnownFileType = sourcecode.swift; path = KeyValueWhatsNewVersionStoreTests.swift; sourceTree = "<group>"; };
		3D04215020C2D6A100DA5126 /* InMemoryWhatsNewVersionStoreTests.swift */ = {isa = PBXFileReference; fileEncoding = 4; lastKnownFileType = sourcecode.swift; path = InMemoryWhatsNewVersionStoreTests.swift; sourceTree = "<group>"; };
		3D04215820C2D7B100DA5126 /* .codeclimate.yml */ = {isa = PBXFileReference; lastKnownFileType = text; path = .codeclimate.yml; sourceTree = SOURCE_ROOT; };
		3D13455D20BC8AFA00BE0FF8 /* WhatsNewViewController+HapticFeedback.swift */ = {isa = PBXFileReference; lastKnownFileType = sourcecode.swift; path = "WhatsNewViewController+HapticFeedback.swift"; sourceTree = "<group>"; };
		3D2412C620BADBDC005A04D6 /* KeyValueWhatsNewVersionStore.swift */ = {isa = PBXFileReference; lastKnownFileType = sourcecode.swift; path = KeyValueWhatsNewVersionStore.swift; sourceTree = "<group>"; };
		3D2412CE20BAE75E005A04D6 /* WhatsNewViewController+DetailButton.swift */ = {isa = PBXFileReference; lastKnownFileType = sourcecode.swift; path = "WhatsNewViewController+DetailButton.swift"; sourceTree = "<group>"; };
		3D2412D020BAE7C6005A04D6 /* WhatsNewViewController+CompletionButton.swift */ = {isa = PBXFileReference; lastKnownFileType = sourcecode.swift; path = "WhatsNewViewController+CompletionButton.swift"; sourceTree = "<group>"; };
		3D2412E420BAEB56005A04D6 /* .swift-version */ = {isa = PBXFileReference; lastKnownFileType = text; path = ".swift-version"; sourceTree = SOURCE_ROOT; };
		3D2412E520BAEB56005A04D6 /* .travis.yml */ = {isa = PBXFileReference; lastKnownFileType = text; path = .travis.yml; sourceTree = SOURCE_ROOT; };
		3D2412E620BAEB56005A04D6 /* .jazzy.yaml */ = {isa = PBXFileReference; lastKnownFileType = text; path = .jazzy.yaml; sourceTree = SOURCE_ROOT; };
		3D2412E720BAEB56005A04D6 /* LICENSE */ = {isa = PBXFileReference; lastKnownFileType = text; path = LICENSE; sourceTree = SOURCE_ROOT; };
		3D2412E920BAEB56005A04D6 /* .gitignore */ = {isa = PBXFileReference; lastKnownFileType = text; path = .gitignore; sourceTree = SOURCE_ROOT; };
		3D2412EA20BAEB56005A04D6 /* README.md */ = {isa = PBXFileReference; lastKnownFileType = net.daringfireball.markdown; path = README.md; sourceTree = SOURCE_ROOT; };
		3D2412EB20BAEB56005A04D6 /* .swiftlint.yml */ = {isa = PBXFileReference; lastKnownFileType = text; path = .swiftlint.yml; sourceTree = SOURCE_ROOT; };
		3D2412EC20BAEB56005A04D6 /* WhatsNewKit.podspec */ = {isa = PBXFileReference; lastKnownFileType = text; path = WhatsNewKit.podspec; sourceTree = SOURCE_ROOT; };
		3D2803CB220598F400E1FA31 /* NSLayoutConstraint+Activate.swift */ = {isa = PBXFileReference; lastKnownFileType = sourcecode.swift; path = "NSLayoutConstraint+Activate.swift"; sourceTree = "<group>"; };
		3D2803CE2205A1B800E1FA31 /* WhatsNewTitleViewController.swift */ = {isa = PBXFileReference; lastKnownFileType = sourcecode.swift; path = WhatsNewTitleViewController.swift; sourceTree = "<group>"; };
		3D2803D12205A2FC00E1FA31 /* UIViewController+AddChild.swift */ = {isa = PBXFileReference; lastKnownFileType = sourcecode.swift; path = "UIViewController+AddChild.swift"; sourceTree = "<group>"; };
		3D2803D42205A6B600E1FA31 /* WhatsNewButtonViewController.swift */ = {isa = PBXFileReference; lastKnownFileType = sourcecode.swift; path = WhatsNewButtonViewController.swift; sourceTree = "<group>"; };
		3D2803D62205AA7F00E1FA31 /* WhatsNewButtonViewController+DetailButton.swift */ = {isa = PBXFileReference; lastKnownFileType = sourcecode.swift; path = "WhatsNewButtonViewController+DetailButton.swift"; sourceTree = "<group>"; };
		3D2803D82205ABAB00E1FA31 /* WhatsNewButtonViewController+CompletionButton.swift */ = {isa = PBXFileReference; lastKnownFileType = sourcecode.swift; path = "WhatsNewButtonViewController+CompletionButton.swift"; sourceTree = "<group>"; };
		3D2803DA2205AE5C00E1FA31 /* WhatsNewItemsViewController.swift */ = {isa = PBXFileReference; lastKnownFileType = sourcecode.swift; path = WhatsNewItemsViewController.swift; sourceTree = "<group>"; };
		3D2803DC2205B4E200E1FA31 /* WhatsNewItemsViewController+Cell.swift */ = {isa = PBXFileReference; lastKnownFileType = sourcecode.swift; path = "WhatsNewItemsViewController+Cell.swift"; sourceTree = "<group>"; };
		3D2803E52205D4E800E1FA31 /* VersionStoreConfiguration.swift */ = {isa = PBXFileReference; lastKnownFileType = sourcecode.swift; path = VersionStoreConfiguration.swift; sourceTree = "<group>"; };
		3D299143217B5D8100132C91 /* ExampleViewController.swift */ = {isa = PBXFileReference; lastKnownFileType = sourcecode.swift; path = ExampleViewController.swift; sourceTree = "<group>"; };
		3D299145217B5EDD00132C91 /* ConfigurationsTableViewCell.swift */ = {isa = PBXFileReference; lastKnownFileType = sourcecode.swift; path = ConfigurationsTableViewCell.swift; sourceTree = "<group>"; };
		3D299147217B5FC700132C91 /* ConfigurationCollectionViewCell.swift */ = {isa = PBXFileReference; lastKnownFileType = sourcecode.swift; path = ConfigurationCollectionViewCell.swift; sourceTree = "<group>"; };
		3D299149217B691100132C91 /* ExampleViewController+PresentWhatsNew.swift */ = {isa = PBXFileReference; lastKnownFileType = sourcecode.swift; path = "ExampleViewController+PresentWhatsNew.swift"; sourceTree = "<group>"; };
		3D29914D217B6E7100132C91 /* Configuration.swift */ = {isa = PBXFileReference; lastKnownFileType = sourcecode.swift; path = Configuration.swift; sourceTree = "<group>"; };
		3D29914F217B6E8500132C91 /* BackgroundColorConfiguration.swift */ = {isa = PBXFileReference; lastKnownFileType = sourcecode.swift; path = BackgroundColorConfiguration.swift; sourceTree = "<group>"; };
		3D299151217B6E9600132C91 /* TintColorConfiguration.swift */ = {isa = PBXFileReference; lastKnownFileType = sourcecode.swift; path = TintColorConfiguration.swift; sourceTree = "<group>"; };
		3D299153217B6EA600132C91 /* AnimationConfiguration.swift */ = {isa = PBXFileReference; lastKnownFileType = sourcecode.swift; path = AnimationConfiguration.swift; sourceTree = "<group>"; };
		3D299155217B6EBA00132C91 /* LayoutConfiguration.swift */ = {isa = PBXFileReference; lastKnownFileType = sourcecode.swift; path = LayoutConfiguration.swift; sourceTree = "<group>"; };
		3D29915C217B6FCD00132C91 /* Collection+Safe.swift */ = {isa = PBXFileReference; lastKnownFileType = sourcecode.swift; path = "Collection+Safe.swift"; sourceTree = "<group>"; };
		3D29915E217B720400132C91 /* ReuseIdentifiable.swift */ = {isa = PBXFileReference; lastKnownFileType = sourcecode.swift; path = ReuseIdentifiable.swift; sourceTree = "<group>"; };
		3D299160217B7EEB00132C91 /* UIImage+Assets.swift */ = {isa = PBXFileReference; lastKnownFileType = sourcecode.swift; path = "UIImage+Assets.swift"; sourceTree = "<group>"; };
		3D330EC3217B8E8E002359E7 /* HapticFeedbackConfiguration.swift */ = {isa = PBXFileReference; lastKnownFileType = sourcecode.swift; path = HapticFeedbackConfiguration.swift; sourceTree = "<group>"; };
		3D33221C21C416E900B2949F /* SecondaryTitleColorConfiguration.swift */ = {isa = PBXFileReference; lastKnownFileType = sourcecode.swift; path = SecondaryTitleColorConfiguration.swift; sourceTree = "<group>"; };
		3D375B9F20BC6582005DE31B /* UIColor+Main.swift */ = {isa = PBXFileReference; lastKnownFileType = sourcecode.swift; path = "UIColor+Main.swift"; sourceTree = "<group>"; };
		3D562CB820B3FD3200603182 /* WhatsNew+Version.swift */ = {isa = PBXFileReference; lastKnownFileType = sourcecode.swift; path = "WhatsNew+Version.swift"; sourceTree = "<group>"; };
		3D5D06BC20C7C9C700EC7C46 /* WhatsNewViewController+TitleView.swift */ = {isa = PBXFileReference; lastKnownFileType = sourcecode.swift; path = "WhatsNewViewController+TitleView.swift"; sourceTree = "<group>"; };
		3D5D06BE20C7CA2700EC7C46 /* WhatsNewViewController+Animation.swift */ = {isa = PBXFileReference; lastKnownFileType = sourcecode.swift; path = "WhatsNewViewController+Animation.swift"; sourceTree = "<group>"; };
		3D5D06C020C7CAEC00EC7C46 /* WhatsNewViewController+ItemsView.swift */ = {isa = PBXFileReference; lastKnownFileType = sourcecode.swift; path = "WhatsNewViewController+ItemsView.swift"; sourceTree = "<group>"; };
		3D7E00C320B6A5F10036BDB1 /* WhatsNewViewController+Configuration.swift */ = {isa = PBXFileReference; lastKnownFileType = sourcecode.swift; path = "WhatsNewViewController+Configuration.swift"; sourceTree = "<group>"; };
		3D92C66920AF87E600A10333 /* WhatsNew.swift */ = {isa = PBXFileReference; lastKnownFileType = sourcecode.swift; path = WhatsNew.swift; sourceTree = "<group>"; };
		3D92C66D20AF87F500A10333 /* WhatsNew+Item.swift */ = {isa = PBXFileReference; lastKnownFileType = sourcecode.swift; path = "WhatsNew+Item.swift"; sourceTree = "<group>"; };
		3D92C67020AF883300A10333 /* WhatsNewViewController.swift */ = {isa = PBXFileReference; lastKnownFileType = sourcecode.swift; path = WhatsNewViewController.swift; sourceTree = "<group>"; };
		3DBFB67520B6EBC100FF0899 /* InMemoryWhatsNewVersionStore.swift */ = {isa = PBXFileReference; lastKnownFileType = sourcecode.swift; path = InMemoryWhatsNewVersionStore.swift; sourceTree = "<group>"; };
		3DC8A6A820AED02400292C94 /* WhatsNewKit-Example.app */ = {isa = PBXFileReference; explicitFileType = wrapper.application; includeInIndex = 0; path = "WhatsNewKit-Example.app"; sourceTree = BUILT_PRODUCTS_DIR; };
		3DC8A6AA20AED02400292C94 /* AppDelegate.swift */ = {isa = PBXFileReference; lastKnownFileType = sourcecode.swift; path = AppDelegate.swift; sourceTree = "<group>"; };
		3DC8A6B120AED02600292C94 /* Assets.xcassets */ = {isa = PBXFileReference; lastKnownFileType = folder.assetcatalog; path = Assets.xcassets; sourceTree = "<group>"; };
		3DC8A6B420AED02600292C94 /* Base */ = {isa = PBXFileReference; lastKnownFileType = file.storyboard; name = Base; path = Base.lproj/LaunchScreen.storyboard; sourceTree = "<group>"; };
		3DC8A6B620AED02600292C94 /* Info.plist */ = {isa = PBXFileReference; lastKnownFileType = text.plist.xml; path = Info.plist; sourceTree = "<group>"; };
		3DDDB59620B832AB001D59C5 /* UIColor+Defaults.swift */ = {isa = PBXFileReference; lastKnownFileType = sourcecode.swift; path = "UIColor+Defaults.swift"; sourceTree = "<group>"; };
		3DF12C2A2210AE41006473F0 /* ContentModeConfiguration.swift */ = {isa = PBXFileReference; lastKnownFileType = sourcecode.swift; path = ContentModeConfiguration.swift; sourceTree = "<group>"; };
		3DF12C2C2210AF51006473F0 /* ItemsCountConfiguration.swift */ = {isa = PBXFileReference; lastKnownFileType = sourcecode.swift; path = ItemsCountConfiguration.swift; sourceTree = "<group>"; };
		3DFB6FFF20B34F8800673FD6 /* WhatsNewVersionStore.swift */ = {isa = PBXFileReference; lastKnownFileType = sourcecode.swift; path = WhatsNewVersionStore.swift; sourceTree = "<group>"; };
		52D6D97C1BEFF229002C0205 /* WhatsNewKit.framework */ = {isa = PBXFileReference; explicitFileType = wrapper.framework; includeInIndex = 0; path = WhatsNewKit.framework; sourceTree = BUILT_PRODUCTS_DIR; };
		52D6D9861BEFF229002C0205 /* WhatsNewKit-iOS Tests.xctest */ = {isa = PBXFileReference; explicitFileType = wrapper.cfbundle; includeInIndex = 0; path = "WhatsNewKit-iOS Tests.xctest"; sourceTree = BUILT_PRODUCTS_DIR; };
		AD2FAA261CD0B6D800659CF4 /* WhatsNewKit.plist */ = {isa = PBXFileReference; fileEncoding = 4; lastKnownFileType = text.plist.xml; path = WhatsNewKit.plist; sourceTree = "<group>"; };
		AD2FAA281CD0B6E100659CF4 /* WhatsNewKitTests.plist */ = {isa = PBXFileReference; fileEncoding = 4; lastKnownFileType = text.plist.xml; path = WhatsNewKitTests.plist; sourceTree = "<group>"; };
/* End PBXFileReference section */

/* Begin PBXFrameworksBuildPhase section */
		3DC8A6A520AED02400292C94 /* Frameworks */ = {
			isa = PBXFrameworksBuildPhase;
			buildActionMask = 2147483647;
			files = (
				3DA6679C20B0BB3B00DB18FF /* WhatsNewKit.framework in Frameworks */,
			);
			runOnlyForDeploymentPostprocessing = 0;
		};
		52D6D9781BEFF229002C0205 /* Frameworks */ = {
			isa = PBXFrameworksBuildPhase;
			buildActionMask = 2147483647;
			files = (
			);
			runOnlyForDeploymentPostprocessing = 0;
		};
		52D6D9831BEFF229002C0205 /* Frameworks */ = {
			isa = PBXFrameworksBuildPhase;
			buildActionMask = 2147483647;
			files = (
				52D6D9871BEFF229002C0205 /* WhatsNewKit.framework in Frameworks */,
			);
			runOnlyForDeploymentPostprocessing = 0;
		};
/* End PBXFrameworksBuildPhase section */

/* Begin PBXGroup section */
		3D04214A20C2D6A100DA5126 /* Models */ = {
			isa = PBXGroup;
			children = (
				3D04214B20C2D6A100DA5126 /* WhatsNewVersionTests.swift */,
				3D04214C20C2D6A100DA5126 /* WhatsNewItemTests.swift */,
				3D04214D20C2D6A100DA5126 /* WhatsNewTests.swift */,
			);
			path = Models;
			sourceTree = "<group>";
		};
		3D04214E20C2D6A100DA5126 /* Stores */ = {
			isa = PBXGroup;
			children = (
				3D04214F20C2D6A100DA5126 /* KeyValueWhatsNewVersionStoreTests.swift */,
				3D04215020C2D6A100DA5126 /* InMemoryWhatsNewVersionStoreTests.swift */,
			);
			path = Stores;
			sourceTree = "<group>";
		};
		3D29914B217B6E2000132C91 /* ExampleViewController */ = {
			isa = PBXGroup;
			children = (
				3D299143217B5D8100132C91 /* ExampleViewController.swift */,
				3D299149217B691100132C91 /* ExampleViewController+PresentWhatsNew.swift */,
				3D299145217B5EDD00132C91 /* ConfigurationsTableViewCell.swift */,
				3D299147217B5FC700132C91 /* ConfigurationCollectionViewCell.swift */,
			);
			path = ExampleViewController;
			sourceTree = "<group>";
		};
		3D29914C217B6E6200132C91 /* Configurations */ = {
			isa = PBXGroup;
			children = (
				3D29914D217B6E7100132C91 /* Configuration.swift */,
				3D29914F217B6E8500132C91 /* BackgroundColorConfiguration.swift */,
				3D299151217B6E9600132C91 /* TintColorConfiguration.swift */,
				3D299153217B6EA600132C91 /* AnimationConfiguration.swift */,
				3D2803E52205D4E800E1FA31 /* VersionStoreConfiguration.swift */,
				3D299155217B6EBA00132C91 /* LayoutConfiguration.swift */,
				3DF12C2A2210AE41006473F0 /* ContentModeConfiguration.swift */,
				3D330EC3217B8E8E002359E7 /* HapticFeedbackConfiguration.swift */,
				3D33221C21C416E900B2949F /* SecondaryTitleColorConfiguration.swift */,
				3DF12C2C2210AF51006473F0 /* ItemsCountConfiguration.swift */,
			);
			path = Configurations;
			sourceTree = "<group>";
		};
		3D299157217B6EDF00132C91 /* Shared */ = {
			isa = PBXGroup;
			children = (
				3D299160217B7EEB00132C91 /* UIImage+Assets.swift */,
				3D375B9F20BC6582005DE31B /* UIColor+Main.swift */,
				3D29915C217B6FCD00132C91 /* Collection+Safe.swift */,
				3D29915E217B720400132C91 /* ReuseIdentifiable.swift */,
			);
			path = Shared;
			sourceTree = "<group>";
		};
		3D92C66C20AF87EA00A10333 /* Models */ = {
			isa = PBXGroup;
			children = (
				3D92C66920AF87E600A10333 /* WhatsNew.swift */,
				3D562CB820B3FD3200603182 /* WhatsNew+Version.swift */,
				3D92C66D20AF87F500A10333 /* WhatsNew+Item.swift */,
			);
			path = Models;
			sourceTree = "<group>";
		};
		3D92C67920AF88DC00A10333 /* Components */ = {
			isa = PBXGroup;
			children = (
				3DA1829C20B336BF00D2C155 /* Title */,
				3DA1829D20B336C600D2C155 /* Items */,
				3DA1829E20B336CB00D2C155 /* Buttons */,
			);
			path = Components;
			sourceTree = "<group>";
		};
		3D92C67A20AF88E000A10333 /* Configuration */ = {
			isa = PBXGroup;
			children = (
				3D7E00C320B6A5F10036BDB1 /* WhatsNewViewController+Configuration.swift */,
				3D5D06BC20C7C9C700EC7C46 /* WhatsNewViewController+TitleView.swift */,
				3D5D06C020C7CAEC00EC7C46 /* WhatsNewViewController+ItemsView.swift */,
				3D2412CE20BAE75E005A04D6 /* WhatsNewViewController+DetailButton.swift */,
				3D2412D020BAE7C6005A04D6 /* WhatsNewViewController+CompletionButton.swift */,
				3D13455D20BC8AFA00BE0FF8 /* WhatsNewViewController+HapticFeedback.swift */,
				3D5D06BE20C7CA2700EC7C46 /* WhatsNewViewController+Animation.swift */,
			);
			path = Configuration;
			sourceTree = "<group>";
		};
		3DA1829C20B336BF00D2C155 /* Title */ = {
			isa = PBXGroup;
			children = (
				3D2803CE2205A1B800E1FA31 /* WhatsNewTitleViewController.swift */,
			);
			path = Title;
			sourceTree = "<group>";
		};
		3DA1829D20B336C600D2C155 /* Items */ = {
			isa = PBXGroup;
			children = (
				3D2803DA2205AE5C00E1FA31 /* WhatsNewItemsViewController.swift */,
				3D2803DC2205B4E200E1FA31 /* WhatsNewItemsViewController+Cell.swift */,
			);
			path = Items;
			sourceTree = "<group>";
		};
		3DA1829E20B336CB00D2C155 /* Buttons */ = {
			isa = PBXGroup;
			children = (
				3D2803D42205A6B600E1FA31 /* WhatsNewButtonViewController.swift */,
				3D2803D62205AA7F00E1FA31 /* WhatsNewButtonViewController+DetailButton.swift */,
				3D2803D82205ABAB00E1FA31 /* WhatsNewButtonViewController+CompletionButton.swift */,
			);
			path = Buttons;
			sourceTree = "<group>";
		};
		3DBFB67720B6ED9300FF0899 /* Resources */ = {
			isa = PBXGroup;
			children = (
				3DC8A6B120AED02600292C94 /* Assets.xcassets */,
				3DC8A6B320AED02600292C94 /* LaunchScreen.storyboard */,
				3DC8A6B620AED02600292C94 /* Info.plist */,
			);
			path = Resources;
			sourceTree = "<group>";
		};
		3DC8A6A920AED02400292C94 /* Example */ = {
			isa = PBXGroup;
			children = (
				3DC8A6AA20AED02400292C94 /* AppDelegate.swift */,
				3D29914B217B6E2000132C91 /* ExampleViewController */,
				3D29914C217B6E6200132C91 /* Configurations */,
				3D299157217B6EDF00132C91 /* Shared */,
				3DBFB67720B6ED9300FF0899 /* Resources */,
			);
			path = Example;
			sourceTree = "<group>";
		};
		3DC8A6BA20AED37B00292C94 /* Frameworks */ = {
			isa = PBXGroup;
			children = (
			);
			name = Frameworks;
			sourceTree = "<group>";
		};
		3DDDB59520B83296001D59C5 /* Extensions */ = {
			isa = PBXGroup;
			children = (
				3DDDB59620B832AB001D59C5 /* UIColor+Defaults.swift */,
				3D2803CB220598F400E1FA31 /* NSLayoutConstraint+Activate.swift */,
				3D2803D12205A2FC00E1FA31 /* UIViewController+AddChild.swift */,
			);
			path = Extensions;
			sourceTree = "<group>";
		};
		3DFB6FFE20B34F7E00673FD6 /* Store */ = {
			isa = PBXGroup;
			children = (
				3DFB6FFF20B34F8800673FD6 /* WhatsNewVersionStore.swift */,
				3D2412C620BADBDC005A04D6 /* KeyValueWhatsNewVersionStore.swift */,
				3DBFB67520B6EBC100FF0899 /* InMemoryWhatsNewVersionStore.swift */,
			);
			path = Store;
			sourceTree = "<group>";
		};
		52D6D9721BEFF229002C0205 = {
			isa = PBXGroup;
			children = (
				8933C7811EB5B7E0000D00A4 /* Sources */,
				8933C7831EB5B7EB000D00A4 /* Tests */,
				52D6D99C1BEFF38C002C0205 /* Configs */,
				3DC8A6A920AED02400292C94 /* Example */,
				52D6D97D1BEFF229002C0205 /* Products */,
				3DC8A6BA20AED37B00292C94 /* Frameworks */,
			);
			sourceTree = "<group>";
		};
		52D6D97D1BEFF229002C0205 /* Products */ = {
			isa = PBXGroup;
			children = (
				52D6D97C1BEFF229002C0205 /* WhatsNewKit.framework */,
				52D6D9861BEFF229002C0205 /* WhatsNewKit-iOS Tests.xctest */,
				3DC8A6A820AED02400292C94 /* WhatsNewKit-Example.app */,
			);
			name = Products;
			sourceTree = "<group>";
		};
		52D6D99C1BEFF38C002C0205 /* Configs */ = {
			isa = PBXGroup;
			children = (
				DD7502721C68FC1B006590AF /* Frameworks */,
				DD7502731C68FC20006590AF /* Tests */,
				3D04215820C2D7B100DA5126 /* .codeclimate.yml */,
				3D2412E920BAEB56005A04D6 /* .gitignore */,
				3D2412E620BAEB56005A04D6 /* .jazzy.yaml */,
				3D2412E420BAEB56005A04D6 /* .swift-version */,
				3D2412EB20BAEB56005A04D6 /* .swiftlint.yml */,
				3D2412E520BAEB56005A04D6 /* .travis.yml */,
				3D2412E720BAEB56005A04D6 /* LICENSE */,
				3D2412EA20BAEB56005A04D6 /* README.md */,
				3D2412EC20BAEB56005A04D6 /* WhatsNewKit.podspec */,
			);
			path = Configs;
			sourceTree = "<group>";
		};
		8933C7811EB5B7E0000D00A4 /* Sources */ = {
			isa = PBXGroup;
			children = (
				3D92C67020AF883300A10333 /* WhatsNewViewController.swift */,
				3D92C67A20AF88E000A10333 /* Configuration */,
				3DFB6FFE20B34F7E00673FD6 /* Store */,
				3D92C67920AF88DC00A10333 /* Components */,
				3D92C66C20AF87EA00A10333 /* Models */,
				3DDDB59520B83296001D59C5 /* Extensions */,
			);
			path = Sources;
			sourceTree = "<group>";
		};
		8933C7831EB5B7EB000D00A4 /* Tests */ = {
			isa = PBXGroup;
			children = (
				3D04214520C2D68C00DA5126 /* BaseTests.swift */,
				3D04214720C2D6A000DA5126 /* WhatsNewViewControllerTests.swift */,
				3D04214A20C2D6A100DA5126 /* Models */,
				3D04214E20C2D6A100DA5126 /* Stores */,
			);
			path = Tests;
			sourceTree = "<group>";
		};
		DD7502721C68FC1B006590AF /* Frameworks */ = {
			isa = PBXGroup;
			children = (
				AD2FAA261CD0B6D800659CF4 /* WhatsNewKit.plist */,
			);
			name = Frameworks;
			sourceTree = "<group>";
		};
		DD7502731C68FC20006590AF /* Tests */ = {
			isa = PBXGroup;
			children = (
				AD2FAA281CD0B6E100659CF4 /* WhatsNewKitTests.plist */,
			);
			name = Tests;
			sourceTree = "<group>";
		};
/* End PBXGroup section */

/* Begin PBXHeadersBuildPhase section */
		52D6D9791BEFF229002C0205 /* Headers */ = {
			isa = PBXHeadersBuildPhase;
			buildActionMask = 2147483647;
			files = (
			);
			runOnlyForDeploymentPostprocessing = 0;
		};
/* End PBXHeadersBuildPhase section */

/* Begin PBXNativeTarget section */
		3DC8A6A720AED02400292C94 /* WhatsNewKit-Example */ = {
			isa = PBXNativeTarget;
			buildConfigurationList = 3DC8A6B720AED02600292C94 /* Build configuration list for PBXNativeTarget "WhatsNewKit-Example" */;
			buildPhases = (
				3DC8A6A420AED02400292C94 /* Sources */,
				3DC8A6A520AED02400292C94 /* Frameworks */,
				3DC8A6A620AED02400292C94 /* Resources */,
				3DA667A020B0BB3B00DB18FF /* Embed Frameworks */,
			);
			buildRules = (
			);
			dependencies = (
				3DA6679F20B0BB3B00DB18FF /* PBXTargetDependency */,
			);
			name = "WhatsNewKit-Example";
			productName = Example;
			productReference = 3DC8A6A820AED02400292C94 /* WhatsNewKit-Example.app */;
			productType = "com.apple.product-type.application";
		};
		52D6D97B1BEFF229002C0205 /* WhatsNewKit-iOS */ = {
			isa = PBXNativeTarget;
			buildConfigurationList = 52D6D9901BEFF229002C0205 /* Build configuration list for PBXNativeTarget "WhatsNewKit-iOS" */;
			buildPhases = (
				52D6D9771BEFF229002C0205 /* Sources */,
				52D6D9781BEFF229002C0205 /* Frameworks */,
				52D6D9791BEFF229002C0205 /* Headers */,
				52D6D97A1BEFF229002C0205 /* Resources */,
				3DFB700320B3591E00673FD6 /* SwiftLint */,
			);
			buildRules = (
			);
			dependencies = (
			);
			name = "WhatsNewKit-iOS";
			productName = WhatsNewKit;
			productReference = 52D6D97C1BEFF229002C0205 /* WhatsNewKit.framework */;
			productType = "com.apple.product-type.framework";
		};
		52D6D9851BEFF229002C0205 /* WhatsNewKit-iOS Tests */ = {
			isa = PBXNativeTarget;
			buildConfigurationList = 52D6D9931BEFF229002C0205 /* Build configuration list for PBXNativeTarget "WhatsNewKit-iOS Tests" */;
			buildPhases = (
				52D6D9821BEFF229002C0205 /* Sources */,
				52D6D9831BEFF229002C0205 /* Frameworks */,
				52D6D9841BEFF229002C0205 /* Resources */,
			);
			buildRules = (
			);
			dependencies = (
				52D6D9891BEFF229002C0205 /* PBXTargetDependency */,
			);
			name = "WhatsNewKit-iOS Tests";
			productName = WhatsNewKitTests;
			productReference = 52D6D9861BEFF229002C0205 /* WhatsNewKit-iOS Tests.xctest */;
			productType = "com.apple.product-type.bundle.unit-test";
		};
/* End PBXNativeTarget section */

/* Begin PBXProject section */
		52D6D9731BEFF229002C0205 /* Project object */ = {
			isa = PBXProject;
			attributes = {
				LastSwiftUpdateCheck = 0930;
				LastUpgradeCheck = 0930;
				ORGANIZATIONNAME = WhatsNewKit;
				TargetAttributes = {
					3DC8A6A720AED02400292C94 = {
						CreatedOnToolsVersion = 9.3.1;
						ProvisioningStyle = Automatic;
					};
					52D6D97B1BEFF229002C0205 = {
						CreatedOnToolsVersion = 7.1;
						LastSwiftMigration = 0800;
					};
					52D6D9851BEFF229002C0205 = {
						CreatedOnToolsVersion = 7.1;
						LastSwiftMigration = 0940;
					};
				};
			};
			buildConfigurationList = 52D6D9761BEFF229002C0205 /* Build configuration list for PBXProject "WhatsNewKit" */;
			compatibilityVersion = "Xcode 6.3";
			developmentRegion = en;
			hasScannedForEncodings = 0;
			knownRegions = (
				en,
				Base,
			);
			mainGroup = 52D6D9721BEFF229002C0205;
			productRefGroup = 52D6D97D1BEFF229002C0205 /* Products */;
			projectDirPath = "";
			projectRoot = "";
			targets = (
				3DC8A6A720AED02400292C94 /* WhatsNewKit-Example */,
				52D6D97B1BEFF229002C0205 /* WhatsNewKit-iOS */,
				52D6D9851BEFF229002C0205 /* WhatsNewKit-iOS Tests */,
			);
		};
/* End PBXProject section */

/* Begin PBXResourcesBuildPhase section */
		3DC8A6A620AED02400292C94 /* Resources */ = {
			isa = PBXResourcesBuildPhase;
			buildActionMask = 2147483647;
			files = (
				3DC8A6B520AED02600292C94 /* LaunchScreen.storyboard in Resources */,
				3DC8A6B220AED02600292C94 /* Assets.xcassets in Resources */,
			);
			runOnlyForDeploymentPostprocessing = 0;
		};
		52D6D97A1BEFF229002C0205 /* Resources */ = {
			isa = PBXResourcesBuildPhase;
			buildActionMask = 2147483647;
			files = (
			);
			runOnlyForDeploymentPostprocessing = 0;
		};
		52D6D9841BEFF229002C0205 /* Resources */ = {
			isa = PBXResourcesBuildPhase;
			buildActionMask = 2147483647;
			files = (
			);
			runOnlyForDeploymentPostprocessing = 0;
		};
/* End PBXResourcesBuildPhase section */

/* Begin PBXShellScriptBuildPhase section */
		3DFB700320B3591E00673FD6 /* SwiftLint */ = {
			isa = PBXShellScriptBuildPhase;
			buildActionMask = 2147483647;
			files = (
			);
			inputPaths = (
			);
			name = SwiftLint;
			outputPaths = (
			);
			runOnlyForDeploymentPostprocessing = 0;
			shellPath = /bin/sh;
			shellScript = "if which swiftlint >/dev/null; then\nswiftlint\nelse\necho \"warning: SwiftLint not installed, download from https://github.com/realm/SwiftLint\"\nfi";
		};
/* End PBXShellScriptBuildPhase section */

/* Begin PBXSourcesBuildPhase section */
		3DC8A6A420AED02400292C94 /* Sources */ = {
			isa = PBXSourcesBuildPhase;
			buildActionMask = 2147483647;
			files = (
				3D299148217B5FC700132C91 /* ConfigurationCollectionViewCell.swift in Sources */,
				3D2803E62205D4E800E1FA31 /* VersionStoreConfiguration.swift in Sources */,
				3D29915F217B720400132C91 /* ReuseIdentifiable.swift in Sources */,
				3D29914A217B691100132C91 /* ExampleViewController+PresentWhatsNew.swift in Sources */,
				3DC8A6AB20AED02400292C94 /* AppDelegate.swift in Sources */,
				3D299152217B6E9600132C91 /* TintColorConfiguration.swift in Sources */,
				3D375BA020BC6582005DE31B /* UIColor+Main.swift in Sources */,
				3D299150217B6E8500132C91 /* BackgroundColorConfiguration.swift in Sources */,
				3D299146217B5EDD00132C91 /* ConfigurationsTableViewCell.swift in Sources */,
				3D29914E217B6E7100132C91 /* Configuration.swift in Sources */,
				3D299154217B6EA600132C91 /* AnimationConfiguration.swift in Sources */,
				3D33221D21C416E900B2949F /* SecondaryTitleColorConfiguration.swift in Sources */,
				3D299156217B6EBA00132C91 /* LayoutConfiguration.swift in Sources */,
				3D29915D217B6FCD00132C91 /* Collection+Safe.swift in Sources */,
				3D299161217B7EEB00132C91 /* UIImage+Assets.swift in Sources */,
				3D299144217B5D8100132C91 /* ExampleViewController.swift in Sources */,
				3DF12C2D2210AF51006473F0 /* ItemsCountConfiguration.swift in Sources */,
				3D330EC4217B8E8E002359E7 /* HapticFeedbackConfiguration.swift in Sources */,
				3DF12C2B2210AE41006473F0 /* ContentModeConfiguration.swift in Sources */,
			);
			runOnlyForDeploymentPostprocessing = 0;
		};
		52D6D9771BEFF229002C0205 /* Sources */ = {
			isa = PBXSourcesBuildPhase;
			buildActionMask = 2147483647;
			files = (
				3D2803DB2205AE5C00E1FA31 /* WhatsNewItemsViewController.swift in Sources */,
				3D7E00C420B6A5F10036BDB1 /* WhatsNewViewController+Configuration.swift in Sources */,
				3D5D06BD20C7C9C700EC7C46 /* WhatsNewViewController+TitleView.swift in Sources */,
				3D2803D02205A1F500E1FA31 /* WhatsNewTitleViewController.swift in Sources */,
				3D2803D72205AA7F00E1FA31 /* WhatsNewButtonViewController+DetailButton.swift in Sources */,
				3D2803CD22059B2200E1FA31 /* NSLayoutConstraint+Activate.swift in Sources */,
				3D2803D32205A37700E1FA31 /* UIViewController+AddChild.swift in Sources */,
				3DDDB59720B832AB001D59C5 /* UIColor+Defaults.swift in Sources */,
				3D2803DD2205B4E200E1FA31 /* WhatsNewItemsViewController+Cell.swift in Sources */,
				3D92C66A20AF87E600A10333 /* WhatsNew.swift in Sources */,
				3DFB700020B34F8800673FD6 /* WhatsNewVersionStore.swift in Sources */,
				3DBFB67620B6EBC100FF0899 /* InMemoryWhatsNewVersionStore.swift in Sources */,
				3D13455E20BC8AFA00BE0FF8 /* WhatsNewViewController+HapticFeedback.swift in Sources */,
				3D92C67120AF883300A10333 /* WhatsNewViewController.swift in Sources */,
				3D2412CF20BAE75E005A04D6 /* WhatsNewViewController+DetailButton.swift in Sources */,
				3D5D06C120C7CAEC00EC7C46 /* WhatsNewViewController+ItemsView.swift in Sources */,
				3D92C66E20AF87F500A10333 /* WhatsNew+Item.swift in Sources */,
				3D2412C720BADBDC005A04D6 /* KeyValueWhatsNewVersionStore.swift in Sources */,
				3D2803D92205ABAB00E1FA31 /* WhatsNewButtonViewController+CompletionButton.swift in Sources */,
				3D5D06BF20C7CA2700EC7C46 /* WhatsNewViewController+Animation.swift in Sources */,
				3D2803D52205A6B600E1FA31 /* WhatsNewButtonViewController.swift in Sources */,
				3D562CB920B3FD3200603182 /* WhatsNew+Version.swift in Sources */,
				3D2412D120BAE7C6005A04D6 /* WhatsNewViewController+CompletionButton.swift in Sources */,
			);
			runOnlyForDeploymentPostprocessing = 0;
		};
		52D6D9821BEFF229002C0205 /* Sources */ = {
			isa = PBXSourcesBuildPhase;
			buildActionMask = 2147483647;
			files = (
				3D04215620C2D6A100DA5126 /* KeyValueWhatsNewVersionStoreTests.swift in Sources */,
				3D04215720C2D6A100DA5126 /* InMemoryWhatsNewVersionStoreTests.swift in Sources */,
				3D04215520C2D6A100DA5126 /* WhatsNewTests.swift in Sources */,
				3D04214620C2D68C00DA5126 /* BaseTests.swift in Sources */,
				3D04215120C2D6A100DA5126 /* WhatsNewViewControllerTests.swift in Sources */,
				3D04215320C2D6A100DA5126 /* WhatsNewVersionTests.swift in Sources */,
				3D04215420C2D6A100DA5126 /* WhatsNewItemTests.swift in Sources */,
			);
			runOnlyForDeploymentPostprocessing = 0;
		};
/* End PBXSourcesBuildPhase section */

/* Begin PBXTargetDependency section */
		3DA6679F20B0BB3B00DB18FF /* PBXTargetDependency */ = {
			isa = PBXTargetDependency;
			target = 52D6D97B1BEFF229002C0205 /* WhatsNewKit-iOS */;
			targetProxy = 3DA6679E20B0BB3B00DB18FF /* PBXContainerItemProxy */;
		};
		52D6D9891BEFF229002C0205 /* PBXTargetDependency */ = {
			isa = PBXTargetDependency;
			target = 52D6D97B1BEFF229002C0205 /* WhatsNewKit-iOS */;
			targetProxy = 52D6D9881BEFF229002C0205 /* PBXContainerItemProxy */;
		};
/* End PBXTargetDependency section */

/* Begin PBXVariantGroup section */
		3DC8A6B320AED02600292C94 /* LaunchScreen.storyboard */ = {
			isa = PBXVariantGroup;
			children = (
				3DC8A6B420AED02600292C94 /* Base */,
			);
			name = LaunchScreen.storyboard;
			sourceTree = "<group>";
		};
/* End PBXVariantGroup section */

/* Begin XCBuildConfiguration section */
		3DC8A6B820AED02600292C94 /* Debug */ = {
			isa = XCBuildConfiguration;
			buildSettings = {
				ALWAYS_EMBED_SWIFT_STANDARD_LIBRARIES = YES;
				ASSETCATALOG_COMPILER_APPICON_NAME = AppIcon;
				CLANG_ANALYZER_NONNULL = YES;
				CLANG_ANALYZER_NUMBER_OBJECT_CONVERSION = YES_AGGRESSIVE;
				CLANG_CXX_LANGUAGE_STANDARD = "gnu++14";
				CLANG_ENABLE_OBJC_WEAK = YES;
				CLANG_WARN_DEPRECATED_OBJC_IMPLEMENTATIONS = YES;
				CLANG_WARN_DOCUMENTATION_COMMENTS = YES;
				CLANG_WARN_OBJC_IMPLICIT_RETAIN_SELF = YES;
				CLANG_WARN_UNGUARDED_AVAILABILITY = YES_AGGRESSIVE;
				CODE_SIGN_IDENTITY = "iPhone Developer";
				CODE_SIGN_STYLE = Automatic;
				DEVELOPMENT_TEAM = "";
				GCC_C_LANGUAGE_STANDARD = gnu11;
				INFOPLIST_FILE = "$(SRCROOT)/Example/Resources/Info.plist";
				IPHONEOS_DEPLOYMENT_TARGET = 11.0;
				LD_RUNPATH_SEARCH_PATHS = "$(inherited) @executable_path/Frameworks";
				OTHER_LDFLAGS = "";
				PRODUCT_BUNDLE_IDENTIFIER = de.tiigi.WhatsNewKit.Example;
				PRODUCT_NAME = "$(TARGET_NAME)";
				SWIFT_ACTIVE_COMPILATION_CONDITIONS = DEBUG;
				SWIFT_VERSION = 5.0;
				TARGETED_DEVICE_FAMILY = "1,2";
			};
			name = Debug;
		};
		3DC8A6B920AED02600292C94 /* Release */ = {
			isa = XCBuildConfiguration;
			buildSettings = {
				ALWAYS_EMBED_SWIFT_STANDARD_LIBRARIES = YES;
				ASSETCATALOG_COMPILER_APPICON_NAME = AppIcon;
				CLANG_ANALYZER_NONNULL = YES;
				CLANG_ANALYZER_NUMBER_OBJECT_CONVERSION = YES_AGGRESSIVE;
				CLANG_CXX_LANGUAGE_STANDARD = "gnu++14";
				CLANG_ENABLE_OBJC_WEAK = YES;
				CLANG_WARN_DEPRECATED_OBJC_IMPLEMENTATIONS = YES;
				CLANG_WARN_DOCUMENTATION_COMMENTS = YES;
				CLANG_WARN_OBJC_IMPLICIT_RETAIN_SELF = YES;
				CLANG_WARN_UNGUARDED_AVAILABILITY = YES_AGGRESSIVE;
				CODE_SIGN_IDENTITY = "iPhone Developer";
				CODE_SIGN_STYLE = Automatic;
				DEVELOPMENT_TEAM = "";
				GCC_C_LANGUAGE_STANDARD = gnu11;
				INFOPLIST_FILE = "$(SRCROOT)/Example/Resources/Info.plist";
				IPHONEOS_DEPLOYMENT_TARGET = 11.0;
				LD_RUNPATH_SEARCH_PATHS = "$(inherited) @executable_path/Frameworks";
				OTHER_LDFLAGS = "";
				PRODUCT_BUNDLE_IDENTIFIER = de.tiigi.WhatsNewKit.Example;
				PRODUCT_NAME = "$(TARGET_NAME)";
				SWIFT_OPTIMIZATION_LEVEL = "-Owholemodule";
				SWIFT_VERSION = 5.0;
				TARGETED_DEVICE_FAMILY = "1,2";
			};
			name = Release;
		};
		52D6D98E1BEFF229002C0205 /* Debug */ = {
			isa = XCBuildConfiguration;
			buildSettings = {
				ALWAYS_SEARCH_USER_PATHS = NO;
				CLANG_CXX_LANGUAGE_STANDARD = "gnu++0x";
				CLANG_CXX_LIBRARY = "libc++";
				CLANG_ENABLE_MODULES = YES;
				CLANG_ENABLE_OBJC_ARC = YES;
				CLANG_WARN_BLOCK_CAPTURE_AUTORELEASING = YES;
				CLANG_WARN_BOOL_CONVERSION = YES;
				CLANG_WARN_COMMA = YES;
				CLANG_WARN_CONSTANT_CONVERSION = YES;
				CLANG_WARN_DEPRECATED_OBJC_IMPLEMENTATIONS = YES;
				CLANG_WARN_DIRECT_OBJC_ISA_USAGE = YES_ERROR;
				CLANG_WARN_EMPTY_BODY = YES;
				CLANG_WARN_ENUM_CONVERSION = YES;
				CLANG_WARN_INFINITE_RECURSION = YES;
				CLANG_WARN_INT_CONVERSION = YES;
				CLANG_WARN_NON_LITERAL_NULL_CONVERSION = YES;
				CLANG_WARN_OBJC_IMPLICIT_RETAIN_SELF = YES;
				CLANG_WARN_OBJC_LITERAL_CONVERSION = YES;
				CLANG_WARN_OBJC_ROOT_CLASS = YES_ERROR;
				CLANG_WARN_RANGE_LOOP_ANALYSIS = YES;
				CLANG_WARN_STRICT_PROTOTYPES = YES;
				CLANG_WARN_SUSPICIOUS_MOVE = YES;
				CLANG_WARN_UNREACHABLE_CODE = YES;
				CLANG_WARN__DUPLICATE_METHOD_MATCH = YES;
				"CODE_SIGN_IDENTITY[sdk=iphoneos*]" = "iPhone Developer";
				COPY_PHASE_STRIP = NO;
				CURRENT_PROJECT_VERSION = 1;
				DEBUG_INFORMATION_FORMAT = dwarf;
				ENABLE_STRICT_OBJC_MSGSEND = YES;
				ENABLE_TESTABILITY = YES;
				GCC_C_LANGUAGE_STANDARD = gnu99;
				GCC_DYNAMIC_NO_PIC = NO;
				GCC_NO_COMMON_BLOCKS = YES;
				GCC_OPTIMIZATION_LEVEL = 0;
				GCC_PREPROCESSOR_DEFINITIONS = (
					"DEBUG=1",
					"$(inherited)",
				);
				GCC_WARN_64_TO_32_BIT_CONVERSION = YES;
				GCC_WARN_ABOUT_RETURN_TYPE = YES_ERROR;
				GCC_WARN_UNDECLARED_SELECTOR = YES;
				GCC_WARN_UNINITIALIZED_AUTOS = YES_AGGRESSIVE;
				GCC_WARN_UNUSED_FUNCTION = YES;
				GCC_WARN_UNUSED_VARIABLE = YES;
				IPHONEOS_DEPLOYMENT_TARGET = 9.0;
				MTL_ENABLE_DEBUG_INFO = YES;
				ONLY_ACTIVE_ARCH = YES;
				SDKROOT = iphoneos;
				SWIFT_OPTIMIZATION_LEVEL = "-Onone";
				SWIFT_VERSION = 5.0;
				TARGETED_DEVICE_FAMILY = "1,2";
				VERSIONING_SYSTEM = "apple-generic";
				VERSION_INFO_PREFIX = "";
			};
			name = Debug;
		};
		52D6D98F1BEFF229002C0205 /* Release */ = {
			isa = XCBuildConfiguration;
			buildSettings = {
				ALWAYS_SEARCH_USER_PATHS = NO;
				CLANG_CXX_LANGUAGE_STANDARD = "gnu++0x";
				CLANG_CXX_LIBRARY = "libc++";
				CLANG_ENABLE_MODULES = YES;
				CLANG_ENABLE_OBJC_ARC = YES;
				CLANG_WARN_BLOCK_CAPTURE_AUTORELEASING = YES;
				CLANG_WARN_BOOL_CONVERSION = YES;
				CLANG_WARN_COMMA = YES;
				CLANG_WARN_CONSTANT_CONVERSION = YES;
				CLANG_WARN_DEPRECATED_OBJC_IMPLEMENTATIONS = YES;
				CLANG_WARN_DIRECT_OBJC_ISA_USAGE = YES_ERROR;
				CLANG_WARN_EMPTY_BODY = YES;
				CLANG_WARN_ENUM_CONVERSION = YES;
				CLANG_WARN_INFINITE_RECURSION = YES;
				CLANG_WARN_INT_CONVERSION = YES;
				CLANG_WARN_NON_LITERAL_NULL_CONVERSION = YES;
				CLANG_WARN_OBJC_IMPLICIT_RETAIN_SELF = YES;
				CLANG_WARN_OBJC_LITERAL_CONVERSION = YES;
				CLANG_WARN_OBJC_ROOT_CLASS = YES_ERROR;
				CLANG_WARN_RANGE_LOOP_ANALYSIS = YES;
				CLANG_WARN_STRICT_PROTOTYPES = YES;
				CLANG_WARN_SUSPICIOUS_MOVE = YES;
				CLANG_WARN_UNREACHABLE_CODE = YES;
				CLANG_WARN__DUPLICATE_METHOD_MATCH = YES;
				"CODE_SIGN_IDENTITY[sdk=iphoneos*]" = "iPhone Developer";
				COPY_PHASE_STRIP = NO;
				CURRENT_PROJECT_VERSION = 1;
				DEBUG_INFORMATION_FORMAT = "dwarf-with-dsym";
				ENABLE_NS_ASSERTIONS = NO;
				ENABLE_STRICT_OBJC_MSGSEND = YES;
				GCC_C_LANGUAGE_STANDARD = gnu99;
				GCC_NO_COMMON_BLOCKS = YES;
				GCC_WARN_64_TO_32_BIT_CONVERSION = YES;
				GCC_WARN_ABOUT_RETURN_TYPE = YES_ERROR;
				GCC_WARN_UNDECLARED_SELECTOR = YES;
				GCC_WARN_UNINITIALIZED_AUTOS = YES_AGGRESSIVE;
				GCC_WARN_UNUSED_FUNCTION = YES;
				GCC_WARN_UNUSED_VARIABLE = YES;
				IPHONEOS_DEPLOYMENT_TARGET = 9.0;
				MTL_ENABLE_DEBUG_INFO = NO;
				SDKROOT = iphoneos;
				SWIFT_VERSION = 5.0;
				TARGETED_DEVICE_FAMILY = "1,2";
				VALIDATE_PRODUCT = YES;
				VERSIONING_SYSTEM = "apple-generic";
				VERSION_INFO_PREFIX = "";
			};
			name = Release;
		};
		52D6D9911BEFF229002C0205 /* Debug */ = {
			isa = XCBuildConfiguration;
			buildSettings = {
				APPLICATION_EXTENSION_API_ONLY = YES;
				CLANG_ENABLE_MODULES = YES;
				CODE_SIGN_IDENTITY = "iPhone Developer";
				"CODE_SIGN_IDENTITY[sdk=iphoneos*]" = "";
				DEFINES_MODULE = YES;
				DEVELOPMENT_TEAM = "";
				DYLIB_COMPATIBILITY_VERSION = 1;
				DYLIB_CURRENT_VERSION = 1;
				DYLIB_INSTALL_NAME_BASE = "@rpath";
				FRAMEWORK_SEARCH_PATHS = "$(inherited)";
				INFOPLIST_FILE = Configs/WhatsNewKit.plist;
				INSTALL_PATH = "$(LOCAL_LIBRARY_DIR)/Frameworks";
				IPHONEOS_DEPLOYMENT_TARGET = 9.0;
				LD_RUNPATH_SEARCH_PATHS = "$(inherited) @executable_path/Frameworks @loader_path/Frameworks";
				ONLY_ACTIVE_ARCH = YES;
				OTHER_LDFLAGS = "";
				OTHER_SWIFT_FLAGS = "";
				PRODUCT_BUNDLE_IDENTIFIER = "de.tiigi.WhatsNewKit.WhatsNewKit-iOS";
				PRODUCT_NAME = WhatsNewKit;
				SKIP_INSTALL = YES;
				SWIFT_OPTIMIZATION_LEVEL = "-Onone";
				SWIFT_VERSION = 5.0;
			};
			name = Debug;
		};
		52D6D9921BEFF229002C0205 /* Release */ = {
			isa = XCBuildConfiguration;
			buildSettings = {
				APPLICATION_EXTENSION_API_ONLY = YES;
				CLANG_ENABLE_MODULES = YES;
				CODE_SIGN_IDENTITY = "iPhone Developer";
				"CODE_SIGN_IDENTITY[sdk=iphoneos*]" = "";
				DEFINES_MODULE = YES;
				DEVELOPMENT_TEAM = "";
				DYLIB_COMPATIBILITY_VERSION = 1;
				DYLIB_CURRENT_VERSION = 1;
				DYLIB_INSTALL_NAME_BASE = "@rpath";
				FRAMEWORK_SEARCH_PATHS = "$(inherited)";
				INFOPLIST_FILE = Configs/WhatsNewKit.plist;
				INSTALL_PATH = "$(LOCAL_LIBRARY_DIR)/Frameworks";
				IPHONEOS_DEPLOYMENT_TARGET = 9.0;
				LD_RUNPATH_SEARCH_PATHS = "$(inherited) @executable_path/Frameworks @loader_path/Frameworks";
				OTHER_LDFLAGS = "";
				OTHER_SWIFT_FLAGS = "";
				PRODUCT_BUNDLE_IDENTIFIER = "de.tiigi.WhatsNewKit.WhatsNewKit-iOS";
				PRODUCT_NAME = WhatsNewKit;
				SKIP_INSTALL = YES;
				SWIFT_OPTIMIZATION_LEVEL = "-Owholemodule";
				SWIFT_VERSION = 5.0;
			};
			name = Release;
		};
		52D6D9941BEFF229002C0205 /* Debug */ = {
			isa = XCBuildConfiguration;
			buildSettings = {
				CLANG_ENABLE_MODULES = YES;
				INFOPLIST_FILE = Configs/WhatsNewKitTests.plist;
				LD_RUNPATH_SEARCH_PATHS = "$(inherited) @executable_path/Frameworks @loader_path/Frameworks";
				PRODUCT_BUNDLE_IDENTIFIER = "com.WhatsNewKit.WhatsNewKit-iOS-Tests";
				PRODUCT_NAME = "$(TARGET_NAME)";
				SWIFT_OPTIMIZATION_LEVEL = "-Onone";
				SWIFT_VERSION = 5.0;
			};
			name = Debug;
		};
		52D6D9951BEFF229002C0205 /* Release */ = {
			isa = XCBuildConfiguration;
			buildSettings = {
				CLANG_ENABLE_MODULES = YES;
				INFOPLIST_FILE = Configs/WhatsNewKitTests.plist;
				LD_RUNPATH_SEARCH_PATHS = "$(inherited) @executable_path/Frameworks @loader_path/Frameworks";
				PRODUCT_BUNDLE_IDENTIFIER = "com.WhatsNewKit.WhatsNewKit-iOS-Tests";
				PRODUCT_NAME = "$(TARGET_NAME)";
				SWIFT_OPTIMIZATION_LEVEL = "-Owholemodule";
				SWIFT_VERSION = 5.0;
			};
			name = Release;
		};
/* End XCBuildConfiguration section */

/* Begin XCConfigurationList section */
		3DC8A6B720AED02600292C94 /* Build configuration list for PBXNativeTarget "WhatsNewKit-Example" */ = {
			isa = XCConfigurationList;
			buildConfigurations = (
				3DC8A6B820AED02600292C94 /* Debug */,
				3DC8A6B920AED02600292C94 /* Release */,
			);
			defaultConfigurationIsVisible = 0;
			defaultConfigurationName = Release;
		};
		52D6D9761BEFF229002C0205 /* Build configuration list for PBXProject "WhatsNewKit" */ = {
			isa = XCConfigurationList;
			buildConfigurations = (
				52D6D98E1BEFF229002C0205 /* Debug */,
				52D6D98F1BEFF229002C0205 /* Release */,
			);
			defaultConfigurationIsVisible = 0;
			defaultConfigurationName = Release;
		};
		52D6D9901BEFF229002C0205 /* Build configuration list for PBXNativeTarget "WhatsNewKit-iOS" */ = {
			isa = XCConfigurationList;
			buildConfigurations = (
				52D6D9911BEFF229002C0205 /* Debug */,
				52D6D9921BEFF229002C0205 /* Release */,
			);
			defaultConfigurationIsVisible = 0;
			defaultConfigurationName = Release;
		};
		52D6D9931BEFF229002C0205 /* Build configuration list for PBXNativeTarget "WhatsNewKit-iOS Tests" */ = {
			isa = XCConfigurationList;
			buildConfigurations = (
				52D6D9941BEFF229002C0205 /* Debug */,
				52D6D9951BEFF229002C0205 /* Release */,
			);
			defaultConfigurationIsVisible = 0;
			defaultConfigurationName = Release;
		};
/* End XCConfigurationList section */
	};
	rootObject = 52D6D9731BEFF229002C0205 /* Project object */;
}
