// !$*UTF8*$!
{
	archiveVersion = 1;
	classes = {
	};
	objectVersion = 55;
	objects = {

/* Begin PBXBuildFile section */
		3D5FCF782767887F00D3211F /* App.swift in Sources */ = {isa = PBXBuildFile; fileRef = 3D5FCF772767887F00D3211F /* App.swift */; };
		3D5FCF7A2767887F00D3211F /* ContentView.swift in Sources */ = {isa = PBXBuildFile; fileRef = 3D5FCF792767887F00D3211F /* ContentView.swift */; };
		3D5FCF88276788FE00D3211F /* WhatsNewKit in Frameworks */ = {isa = PBXBuildFile; productRef = 3D5FCF87276788FE00D3211F /* WhatsNewKit */; };
		3D9996C8276E112A00438FB6 /* ExamplesView.swift in Sources */ = {isa = PBXBuildFile; fileRef = 3DA482052769E7F900F526B0 /* ExamplesView.swift */; };
		3D9996C9276E112C00438FB6 /* ContentView.swift in Sources */ = {isa = PBXBuildFile; fileRef = 3D5FCF792767887F00D3211F /* ContentView.swift */; };
		3D9996CB276E113100438FB6 /* App.swift in Sources */ = {isa = PBXBuildFile; fileRef = 3D5FCF772767887F00D3211F /* App.swift */; };
		3D9996CD276E118C00438FB6 /* WhatsNewKit in Frameworks */ = {isa = PBXBuildFile; productRef = 3D9996CC276E118C00438FB6 /* WhatsNewKit */; };
		3D999702276E141A00438FB6 /* Assets-macOS.xcassets in Resources */ = {isa = PBXBuildFile; fileRef = 3D999701276E141A00438FB6 /* Assets-macOS.xcassets */; };
		3D999705276E144B00438FB6 /* Assets-iOS.xcassets in Resources */ = {isa = PBXBuildFile; fileRef = 3D999703276E144800438FB6 /* Assets-iOS.xcassets */; };
		3DA482062769E7F900F526B0 /* ExamplesView.swift in Sources */ = {isa = PBXBuildFile; fileRef = 3DA482052769E7F900F526B0 /* ExamplesView.swift */; };
/* End PBXBuildFile section */

/* Begin PBXFileReference section */
		3D5FCF742767887F00D3211F /* WhatsNewKit-Example.app */ = {isa = PBXFileReference; explicitFileType = wrapper.application; includeInIndex = 0; path = "WhatsNewKit-Example.app"; sourceTree = BUILT_PRODUCTS_DIR; };
		3D5FCF772767887F00D3211F /* App.swift */ = {isa = PBXFileReference; lastKnownFileType = sourcecode.swift; path = App.swift; sourceTree = "<group>"; };
		3D5FCF792767887F00D3211F /* ContentView.swift */ = {isa = PBXFileReference; lastKnownFileType = sourcecode.swift; path = ContentView.swift; sourceTree = "<group>"; };
		3D5FCF85276788F900D3211F /* WhatsNewKit */ = {isa = PBXFileReference; lastKnownFileType = folder; name = WhatsNewKit; path = ..; sourceTree = "<group>"; };
		3D9996B8276E10CE00438FB6 /* Example-macOS.app */ = {isa = PBXFileReference; explicitFileType = wrapper.application; includeInIndex = 0; path = "Example-macOS.app"; sourceTree = BUILT_PRODUCTS_DIR; };
		3D9996C3276E10D000438FB6 /* Entitlements.entitlements */ = {isa = PBXFileReference; lastKnownFileType = text.plist.entitlements; path = Entitlements.entitlements; sourceTree = "<group>"; };
		3D999701276E141A00438FB6 /* Assets-macOS.xcassets */ = {isa = PBXFileReference; lastKnownFileType = folder.assetcatalog; path = "Assets-macOS.xcassets"; sourceTree = "<group>"; };
		3D999703276E144800438FB6 /* Assets-iOS.xcassets */ = {isa = PBXFileReference; lastKnownFileType = folder.assetcatalog; path = "Assets-iOS.xcassets"; sourceTree = "<group>"; };
		3DA482052769E7F900F526B0 /* ExamplesView.swift */ = {isa = PBXFileReference; lastKnownFileType = sourcecode.swift; path = ExamplesView.swift; sourceTree = "<group>"; };
/* End PBXFileReference section */

/* Begin PBXFrameworksBuildPhase section */
		3D5FCF712767887E00D3211F /* Frameworks */ = {
			isa = PBXFrameworksBuildPhase;
			buildActionMask = 2147483647;
			files = (
				3D5FCF88276788FE00D3211F /* WhatsNewKit in Frameworks */,
			);
			runOnlyForDeploymentPostprocessing = 0;
		};
		3D9996B5276E10CE00438FB6 /* Frameworks */ = {
			isa = PBXFrameworksBuildPhase;
			buildActionMask = 2147483647;
			files = (
				3D9996CD276E118C00438FB6 /* WhatsNewKit in Frameworks */,
			);
			runOnlyForDeploymentPostprocessing = 0;
		};
/* End PBXFrameworksBuildPhase section */

/* Begin PBXGroup section */
		3D5FCF6B2767887E00D3211F = {
			isa = PBXGroup;
			children = (
				3D5FCF762767887F00D3211F /* Example */,
				3D5FCF752767887F00D3211F /* Products */,
				3D5FCF86276788FE00D3211F /* Frameworks */,
				3D5FCF85276788F900D3211F /* WhatsNewKit */,
			);
			sourceTree = "<group>";
		};
		3D5FCF752767887F00D3211F /* Products */ = {
			isa = PBXGroup;
			children = (
				3D5FCF742767887F00D3211F /* WhatsNewKit-Example.app */,
				3D9996B8276E10CE00438FB6 /* Example-macOS.app */,
			);
			name = Products;
			sourceTree = "<group>";
		};
		3D5FCF762767887F00D3211F /* Example */ = {
			isa = PBXGroup;
			children = (
				3D5FCF772767887F00D3211F /* App.swift */,
				3D5FCF792767887F00D3211F /* ContentView.swift */,
				3DA482052769E7F900F526B0 /* ExamplesView.swift */,
				3D999700276E131F00438FB6 /* Resources */,
			);
			path = Example;
			sourceTree = "<group>";
		};
		3D5FCF86276788FE00D3211F /* Frameworks */ = {
			isa = PBXGroup;
			children = (
			);
			name = Frameworks;
			sourceTree = "<group>";
		};
		3D999700276E131F00438FB6 /* Resources */ = {
			isa = PBXGroup;
			children = (
				3D999703276E144800438FB6 /* Assets-iOS.xcassets */,
				3D999701276E141A00438FB6 /* Assets-macOS.xcassets */,
				3D9996C3276E10D000438FB6 /* Entitlements.entitlements */,
			);
			path = Resources;
			sourceTree = "<group>";
		};
/* End PBXGroup section */

/* Begin PBXNativeTarget section */
		3D5FCF732767887E00D3211F /* Example-iOS */ = {
			isa = PBXNativeTarget;
			buildConfigurationList = 3D5FCF822767888000D3211F /* Build configuration list for PBXNativeTarget "Example-iOS" */;
			buildPhases = (
				3D5FCF702767887E00D3211F /* Sources */,
				3D5FCF712767887E00D3211F /* Frameworks */,
				3D5FCF722767887E00D3211F /* Resources */,
			);
			buildRules = (
			);
			dependencies = (
			);
			name = "Example-iOS";
			packageProductDependencies = (
				3D5FCF87276788FE00D3211F /* WhatsNewKit */,
			);
			productName = Example;
			productReference = 3D5FCF742767887F00D3211F /* WhatsNewKit-Example.app */;
			productType = "com.apple.product-type.application";
		};
		3D9996B7276E10CE00438FB6 /* Example-macOS */ = {
			isa = PBXNativeTarget;
			buildConfigurationList = 3D9996C4276E10D000438FB6 /* Build configuration list for PBXNativeTarget "Example-macOS" */;
			buildPhases = (
				3D9996B4276E10CE00438FB6 /* Sources */,
				3D9996B5276E10CE00438FB6 /* Frameworks */,
				3D9996B6276E10CE00438FB6 /* Resources */,
			);
			buildRules = (
			);
			dependencies = (
			);
			name = "Example-macOS";
			packageProductDependencies = (
				3D9996CC276E118C00438FB6 /* WhatsNewKit */,
			);
			productName = "Example-macOS";
			productReference = 3D9996B8276E10CE00438FB6 /* Example-macOS.app */;
			productType = "com.apple.product-type.application";
		};
/* End PBXNativeTarget section */

/* Begin PBXProject section */
		3D5FCF6C2767887E00D3211F /* Project object */ = {
			isa = PBXProject;
			attributes = {
				BuildIndependentTargetsInParallel = 1;
				LastSwiftUpdateCheck = 1320;
				LastUpgradeCheck = 1310;
				TargetAttributes = {
					3D5FCF732767887E00D3211F = {
						CreatedOnToolsVersion = 13.1;
					};
					3D9996B7276E10CE00438FB6 = {
						CreatedOnToolsVersion = 13.2;
					};
				};
			};
			buildConfigurationList = 3D5FCF6F2767887E00D3211F /* Build configuration list for PBXProject "Example" */;
			compatibilityVersion = "Xcode 13.0";
			developmentRegion = en;
			hasScannedForEncodings = 0;
			knownRegions = (
				en,
				Base,
			);
			mainGroup = 3D5FCF6B2767887E00D3211F;
			productRefGroup = 3D5FCF752767887F00D3211F /* Products */;
			projectDirPath = "";
			projectRoot = "";
			targets = (
				3D5FCF732767887E00D3211F /* Example-iOS */,
				3D9996B7276E10CE00438FB6 /* Example-macOS */,
			);
		};
/* End PBXProject section */

/* Begin PBXResourcesBuildPhase section */
		3D5FCF722767887E00D3211F /* Resources */ = {
			isa = PBXResourcesBuildPhase;
			buildActionMask = 2147483647;
			files = (
				3D999705276E144B00438FB6 /* Assets-iOS.xcassets in Resources */,
			);
			runOnlyForDeploymentPostprocessing = 0;
		};
		3D9996B6276E10CE00438FB6 /* Resources */ = {
			isa = PBXResourcesBuildPhase;
			buildActionMask = 2147483647;
			files = (
				3D999702276E141A00438FB6 /* Assets-macOS.xcassets in Resources */,
			);
			runOnlyForDeploymentPostprocessing = 0;
		};
/* End PBXResourcesBuildPhase section */

/* Begin PBXSourcesBuildPhase section */
		3D5FCF702767887E00D3211F /* Sources */ = {
			isa = PBXSourcesBuildPhase;
			buildActionMask = 2147483647;
			files = (
				3D5FCF7A2767887F00D3211F /* ContentView.swift in Sources */,
				3DA482062769E7F900F526B0 /* ExamplesView.swift in Sources */,
				3D5FCF782767887F00D3211F /* App.swift in Sources */,
			);
			runOnlyForDeploymentPostprocessing = 0;
		};
		3D9996B4276E10CE00438FB6 /* Sources */ = {
			isa = PBXSourcesBuildPhase;
			buildActionMask = 2147483647;
			files = (
				3D9996C9276E112C00438FB6 /* ContentView.swift in Sources */,
				3D9996CB276E113100438FB6 /* App.swift in Sources */,
				3D9996C8276E112A00438FB6 /* ExamplesView.swift in Sources */,
			);
			runOnlyForDeploymentPostprocessing = 0;
		};
/* End PBXSourcesBuildPhase section */

/* Begin XCBuildConfiguration section */
		3D5FCF802767888000D3211F /* Debug */ = {
			isa = XCBuildConfiguration;
			buildSettings = {
				ALWAYS_SEARCH_USER_PATHS = NO;
				CLANG_ANALYZER_NONNULL = YES;
				CLANG_ANALYZER_NUMBER_OBJECT_CONVERSION = YES_AGGRESSIVE;
				CLANG_CXX_LANGUAGE_STANDARD = "gnu++17";
				CLANG_CXX_LIBRARY = "libc++";
				CLANG_ENABLE_MODULES = YES;
				CLANG_ENABLE_OBJC_ARC = YES;
				CLANG_ENABLE_OBJC_WEAK = YES;
				CLANG_WARN_BLOCK_CAPTURE_AUTORELEASING = YES;
				CLANG_WARN_BOOL_CONVERSION = YES;
				CLANG_WARN_COMMA = YES;
				CLANG_WARN_CONSTANT_CONVERSION = YES;
				CLANG_WARN_DEPRECATED_OBJC_IMPLEMENTATIONS = YES;
				CLANG_WARN_DIRECT_OBJC_ISA_USAGE = YES_ERROR;
				CLANG_WARN_DOCUMENTATION_COMMENTS = YES;
				CLANG_WARN_EMPTY_BODY = YES;
				CLANG_WARN_ENUM_CONVERSION = YES;
				CLANG_WARN_INFINITE_RECURSION = YES;
				CLANG_WARN_INT_CONVERSION = YES;
				CLANG_WARN_NON_LITERAL_NULL_CONVERSION = YES;
				CLANG_WARN_OBJC_IMPLICIT_RETAIN_SELF = YES;
				CLANG_WARN_OBJC_LITERAL_CONVERSION = YES;
				CLANG_WARN_OBJC_ROOT_CLASS = YES_ERROR;
				CLANG_WARN_QUOTED_INCLUDE_IN_FRAMEWORK_HEADER = YES;
				CLANG_WARN_RANGE_LOOP_ANALYSIS = YES;
				CLANG_WARN_STRICT_PROTOTYPES = YES;
				CLANG_WARN_SUSPICIOUS_MOVE = YES;
				CLANG_WARN_UNGUARDED_AVAILABILITY = YES_AGGRESSIVE;
				CLANG_WARN_UNREACHABLE_CODE = YES;
				CLANG_WARN__DUPLICATE_METHOD_MATCH = YES;
				COPY_PHASE_STRIP = NO;
				DEBUG_INFORMATION_FORMAT = dwarf;
				ENABLE_STRICT_OBJC_MSGSEND = YES;
				ENABLE_TESTABILITY = YES;
				GCC_C_LANGUAGE_STANDARD = gnu11;
				GCC_DYNAMIC_NO_PIC = NO;
				GCC_NO_COMMON_BLOCKS = YES;
				GCC_OPTIMIZATION_LEVEL = 0;
				GCC_PREPROCESSOR_DEFINITIONS = (
					"DEBUG=1",
					"$(inherited)",
				);
				GCC_WARN_64_TO_32_BIT_CONVERSION = YES;
				GCC_WARN_ABOUT_RETURN_TYPE = YES_ERROR;
				GCC_WARN_UNDECLARED_SELECTOR = YES;
				GCC_WARN_UNINITIALIZED_AUTOS = YES_AGGRESSIVE;
				GCC_WARN_UNUSED_FUNCTION = YES;
				GCC_WARN_UNUSED_VARIABLE = YES;
				IPHONEOS_DEPLOYMENT_TARGET = 15.0;
				MTL_ENABLE_DEBUG_INFO = INCLUDE_SOURCE;
				MTL_FAST_MATH = YES;
				ONLY_ACTIVE_ARCH = YES;
				SDKROOT = iphoneos;
				SWIFT_ACTIVE_COMPILATION_CONDITIONS = DEBUG;
				SWIFT_OPTIMIZATION_LEVEL = "-Onone";
			};
			name = Debug;
		};
		3D5FCF812767888000D3211F /* Release */ = {
			isa = XCBuildConfiguration;
			buildSettings = {
				ALWAYS_SEARCH_USER_PATHS = NO;
				CLANG_ANALYZER_NONNULL = YES;
				CLANG_ANALYZER_NUMBER_OBJECT_CONVERSION = YES_AGGRESSIVE;
				CLANG_CXX_LANGUAGE_STANDARD = "gnu++17";
				CLANG_CXX_LIBRARY = "libc++";
				CLANG_ENABLE_MODULES = YES;
				CLANG_ENABLE_OBJC_ARC = YES;
				CLANG_ENABLE_OBJC_WEAK = YES;
				CLANG_WARN_BLOCK_CAPTURE_AUTORELEASING = YES;
				CLANG_WARN_BOOL_CONVERSION = YES;
				CLANG_WARN_COMMA = YES;
				CLANG_WARN_CONSTANT_CONVERSION = YES;
				CLANG_WARN_DEPRECATED_OBJC_IMPLEMENTATIONS = YES;
				CLANG_WARN_DIRECT_OBJC_ISA_USAGE = YES_ERROR;
				CLANG_WARN_DOCUMENTATION_COMMENTS = YES;
				CLANG_WARN_EMPTY_BODY = YES;
				CLANG_WARN_ENUM_CONVERSION = YES;
				CLANG_WARN_INFINITE_RECURSION = YES;
				CLANG_WARN_INT_CONVERSION = YES;
				CLANG_WARN_NON_LITERAL_NULL_CONVERSION = YES;
				CLANG_WARN_OBJC_IMPLICIT_RETAIN_SELF = YES;
				CLANG_WARN_OBJC_LITERAL_CONVERSION = YES;
				CLANG_WARN_OBJC_ROOT_CLASS = YES_ERROR;
				CLANG_WARN_QUOTED_INCLUDE_IN_FRAMEWORK_HEADER = YES;
				CLANG_WARN_RANGE_LOOP_ANALYSIS = YES;
				CLANG_WARN_STRICT_PROTOTYPES = YES;
				CLANG_WARN_SUSPICIOUS_MOVE = YES;
				CLANG_WARN_UNGUARDED_AVAILABILITY = YES_AGGRESSIVE;
				CLANG_WARN_UNREACHABLE_CODE = YES;
				CLANG_WARN__DUPLICATE_METHOD_MATCH = YES;
				COPY_PHASE_STRIP = NO;
				DEBUG_INFORMATION_FORMAT = "dwarf-with-dsym";
				ENABLE_NS_ASSERTIONS = NO;
				ENABLE_STRICT_OBJC_MSGSEND = YES;
				GCC_C_LANGUAGE_STANDARD = gnu11;
				GCC_NO_COMMON_BLOCKS = YES;
				GCC_WARN_64_TO_32_BIT_CONVERSION = YES;
				GCC_WARN_ABOUT_RETURN_TYPE = YES_ERROR;
				GCC_WARN_UNDECLARED_SELECTOR = YES;
				GCC_WARN_UNINITIALIZED_AUTOS = YES_AGGRESSIVE;
				GCC_WARN_UNUSED_FUNCTION = YES;
				GCC_WARN_UNUSED_VARIABLE = YES;
				IPHONEOS_DEPLOYMENT_TARGET = 15.0;
				MTL_ENABLE_DEBUG_INFO = NO;
				MTL_FAST_MATH = YES;
				SDKROOT = iphoneos;
				SWIFT_COMPILATION_MODE = wholemodule;
				SWIFT_OPTIMIZATION_LEVEL = "-O";
				VALIDATE_PRODUCT = YES;
			};
			name = Release;
		};
		3D5FCF832767888000D3211F /* Debug */ = {
			isa = XCBuildConfiguration;
			buildSettings = {
				ASSETCATALOG_COMPILER_APPICON_NAME = AppIcon;
				ASSETCATALOG_COMPILER_GLOBAL_ACCENT_COLOR_NAME = AccentColor;
				CODE_SIGN_STYLE = Automatic;
				CURRENT_PROJECT_VERSION = 1;
				DEVELOPMENT_ASSET_PATHS = "";
				ENABLE_PREVIEWS = YES;
				GENERATE_INFOPLIST_FILE = YES;
				INFOPLIST_KEY_UIApplicationSceneManifest_Generation = YES;
				INFOPLIST_KEY_UIApplicationSupportsIndirectInputEvents = YES;
				INFOPLIST_KEY_UILaunchScreen_Generation = YES;
				INFOPLIST_KEY_UISupportedInterfaceOrientations_iPad = "UIInterfaceOrientationPortrait UIInterfaceOrientationPortraitUpsideDown UIInterfaceOrientationLandscapeLeft UIInterfaceOrientationLandscapeRight";
				INFOPLIST_KEY_UISupportedInterfaceOrientations_iPhone = "UIInterfaceOrientationPortrait UIInterfaceOrientationLandscapeLeft UIInterfaceOrientationLandscapeRight";
				LD_RUNPATH_SEARCH_PATHS = (
					"$(inherited)",
					"@executable_path/Frameworks",
				);
				MARKETING_VERSION = 1.0;
				PRODUCT_BUNDLE_IDENTIFIER = "de.tiigi.WhatsNewKit.Example-iOS";
				PRODUCT_NAME = "WhatsNewKit-Example";
				SWIFT_EMIT_LOC_STRINGS = YES;
				SWIFT_VERSION = 5.0;
				TARGETED_DEVICE_FAMILY = "1,2";
			};
			name = Debug;
		};
		3D5FCF842767888000D3211F /* Release */ = {
			isa = XCBuildConfiguration;
			buildSettings = {
				ASSETCATALOG_COMPILER_APPICON_NAME = AppIcon;
				ASSETCATALOG_COMPILER_GLOBAL_ACCENT_COLOR_NAME = AccentColor;
				CODE_SIGN_STYLE = Automatic;
				CURRENT_PROJECT_VERSION = 1;
				DEVELOPMENT_ASSET_PATHS = "";
				ENABLE_PREVIEWS = YES;
				GENERATE_INFOPLIST_FILE = YES;
				INFOPLIST_KEY_UIApplicationSceneManifest_Generation = YES;
				INFOPLIST_KEY_UIApplicationSupportsIndirectInputEvents = YES;
				INFOPLIST_KEY_UILaunchScreen_Generation = YES;
				INFOPLIST_KEY_UISupportedInterfaceOrientations_iPad = "UIInterfaceOrientationPortrait UIInterfaceOrientationPortraitUpsideDown UIInterfaceOrientationLandscapeLeft UIInterfaceOrientationLandscapeRight";
				INFOPLIST_KEY_UISupportedInterfaceOrientations_iPhone = "UIInterfaceOrientationPortrait UIInterfaceOrientationLandscapeLeft UIInterfaceOrientationLandscapeRight";
				LD_RUNPATH_SEARCH_PATHS = (
					"$(inherited)",
					"@executable_path/Frameworks",
				);
				MARKETING_VERSION = 1.0;
				PRODUCT_BUNDLE_IDENTIFIER = "de.tiigi.WhatsNewKit.Example-iOS";
				PRODUCT_NAME = "WhatsNewKit-Example";
				SWIFT_EMIT_LOC_STRINGS = YES;
				SWIFT_VERSION = 5.0;
				TARGETED_DEVICE_FAMILY = "1,2";
			};
			name = Release;
		};
		3D9996C5276E10D000438FB6 /* Debug */ = {
			isa = XCBuildConfiguration;
			buildSettings = {
				ASSETCATALOG_COMPILER_APPICON_NAME = AppIcon;
				ASSETCATALOG_COMPILER_GLOBAL_ACCENT_COLOR_NAME = AccentColor;
				CODE_SIGN_ENTITLEMENTS = Example/Resources/Entitlements.entitlements;
				CODE_SIGN_STYLE = Automatic;
				COMBINE_HIDPI_IMAGES = YES;
				CURRENT_PROJECT_VERSION = 1;
				DEVELOPMENT_ASSET_PATHS = "";
				ENABLE_PREVIEWS = YES;
				GENERATE_INFOPLIST_FILE = YES;
				INFOPLIST_KEY_NSHumanReadableCopyright = "";
				LD_RUNPATH_SEARCH_PATHS = (
					"$(inherited)",
					"@executable_path/../Frameworks",
				);
				MACOSX_DEPLOYMENT_TARGET = 12.1;
				MARKETING_VERSION = 1.0;
				PRODUCT_BUNDLE_IDENTIFIER = "de.tiigi.WhatsNewKit.Example-macOS";
				PRODUCT_NAME = "$(TARGET_NAME)";
				SDKROOT = macosx;
				SWIFT_EMIT_LOC_STRINGS = YES;
				SWIFT_VERSION = 5.0;
			};
			name = Debug;
		};
		3D9996C6276E10D000438FB6 /* Release */ = {
			isa = XCBuildConfiguration;
			buildSettings = {
				ASSETCATALOG_COMPILER_APPICON_NAME = AppIcon;
				ASSETCATALOG_COMPILER_GLOBAL_ACCENT_COLOR_NAME = AccentColor;
				CODE_SIGN_ENTITLEMENTS = Example/Resources/Entitlements.entitlements;
				CODE_SIGN_STYLE = Automatic;
				COMBINE_HIDPI_IMAGES = YES;
				CURRENT_PROJECT_VERSION = 1;
				DEVELOPMENT_ASSET_PATHS = "";
				ENABLE_PREVIEWS = YES;
				GENERATE_INFOPLIST_FILE = YES;
				INFOPLIST_KEY_NSHumanReadableCopyright = "";
				LD_RUNPATH_SEARCH_PATHS = (
					"$(inherited)",
					"@executable_path/../Frameworks",
				);
				MACOSX_DEPLOYMENT_TARGET = 12.1;
				MARKETING_VERSION = 1.0;
				PRODUCT_BUNDLE_IDENTIFIER = "de.tiigi.WhatsNewKit.Example-macOS";
				PRODUCT_NAME = "$(TARGET_NAME)";
				SDKROOT = macosx;
				SWIFT_EMIT_LOC_STRINGS = YES;
				SWIFT_VERSION = 5.0;
			};
			name = Release;
		};
/* End XCBuildConfiguration section */

/* Begin XCConfigurationList section */
		3D5FCF6F2767887E00D3211F /* Build configuration list for PBXProject "Example" */ = {
			isa = XCConfigurationList;
			buildConfigurations = (
				3D5FCF802767888000D3211F /* Debug */,
				3D5FCF812767888000D3211F /* Release */,
			);
			defaultConfigurationIsVisible = 0;
			defaultConfigurationName = Release;
		};
		3D5FCF822767888000D3211F /* Build configuration list for PBXNativeTarget "Example-iOS" */ = {
			isa = XCConfigurationList;
			buildConfigurations = (
				3D5FCF832767888000D3211F /* Debug */,
				3D5FCF842767888000D3211F /* Release */,
			);
			defaultConfigurationIsVisible = 0;
			defaultConfigurationName = Release;
		};
		3D9996C4276E10D000438FB6 /* Build configuration list for PBXNativeTarget "Example-macOS" */ = {
			isa = XCConfigurationList;
			buildConfigurations = (
				3D9996C5276E10D000438FB6 /* Debug */,
				3D9996C6276E10D000438FB6 /* Release */,
			);
			defaultConfigurationIsVisible = 0;
			defaultConfigurationName = Release;
		};
/* End XCConfigurationList section */

/* Begin XCSwiftPackageProductDependency section */
		3D5FCF87276788FE00D3211F /* WhatsNewKit */ = {
			isa = XCSwiftPackageProductDependency;
			productName = WhatsNewKit;
		};
		3D9996CC276E118C00438FB6 /* WhatsNewKit */ = {
			isa = XCSwiftPackageProductDependency;
			productName = WhatsNewKit;
		};
/* End XCSwiftPackageProductDependency section */
	};
	rootObject = 3D5FCF6C2767887E00D3211F /* Project object */;
}
